Microsoft Visual Studio Solution File, Format Version 12.00
# Visual Studio Version 17
VisualStudioVersion = 17.5.2.0
MinimumVisualStudioVersion = 10.0.40219.1
Project("{FAE04EC0-301F-11D3-BF4B-00C04F79EFBC}") = "InstaPoker.Client", "InstaPoker.Client\InstaPoker.Client.csproj", "{A82D9788-69C1-D679-E614-2F745E7ED34E}"
EndProject
Global
	GlobalSection(SolutionConfigurationPlatforms) = preSolution
		Debug|Any CPU = Debug|Any CPU
		Release|Any CPU = Release|Any CPU
	EndGlobalSection
	GlobalSection(ProjectConfigurationPlatforms) = postSolution
		{A82D9788-69C1-D679-E614-2F745E7ED34E}.Debug|Any CPU.ActiveCfg = Debug|Any CPU
		{A82D9788-69C1-D679-E614-2F745E7ED34E}.Debug|Any CPU.Build.0 = Debug|Any CPU
		{A82D9788-69C1-D679-E614-2F745E7ED34E}.Release|Any CPU.ActiveCfg = Release|Any CPU
		{A82D9788-69C1-D679-E614-2F745E7ED34E}.Release|Any CPU.Build.0 = Release|Any CPU
	EndGlobalSection
	GlobalSection(SolutionProperties) = preSolution
		HideSolutionNode = FALSE
	EndGlobalSection
	GlobalSection(ExtensibilityGlobals) = postSolution
		SolutionGuid = {16342236-9209-40C5-A05D-0818FFB498C0}
	EndGlobalSection
EndGlobal
